
Microsoft Visual Studio Solution File, Format Version 12.00
# Visual Studio 15
VisualStudioVersion = 15.0.28010.0
MinimumVisualStudioVersion = 10.0.40219.1
Project("{FAE04EC0-301F-11D3-BF4B-00C04F79EFBC}") = "ViewWPF", "ViewWPF\ViewWPF.csproj", "{03D29A92-7693-4B4D-A54C-F0AAEBD871DF}"
EndProject
Project("{FAE04EC0-301F-11D3-BF4B-00C04F79EFBC}") = "ViewConsole", "ViewConsole\ViewConsole.csproj", "{7BCEFDE2-0DE5-4F39-B819-ECF87F0035D0}"
EndProject
Project("{FAE04EC0-301F-11D3-BF4B-00C04F79EFBC}") = "Model", "TPAv2\Model.csproj", "{93E4403F-1736-4100-9E2E-F717638E09CA}"
EndProject
Project("{FAE04EC0-301F-11D3-BF4B-00C04F79EFBC}") = "ViewModel", "ViewModel\ViewModel.csproj", "{D3A41646-F523-4717-88A8-81D9046B351B}"
EndProject
Project("{FAE04EC0-301F-11D3-BF4B-00C04F79EFBC}") = "Tests", "Tests\Tests.csproj", "{B3D8E582-5518-493C-BF22-C2BC24FA134A}"
EndProject
Project("{FAE04EC0-301F-11D3-BF4B-00C04F79EFBC}") = "Serializer", "Serializer\Serializer.csproj", "{AE1617BD-4329-4D42-9B3D-D7F80369F48F}"
EndProject
Project("{FAE04EC0-301F-11D3-BF4B-00C04F79EFBC}") = "Data", "Data\Data.csproj", "{7721D674-EA3C-4A4A-A908-176E73D3ABE3}"
EndProject
Global
	GlobalSection(SolutionConfigurationPlatforms) = preSolution
		Debug|Any CPU = Debug|Any CPU
		Release|Any CPU = Release|Any CPU
	EndGlobalSection
	GlobalSection(ProjectConfigurationPlatforms) = postSolution
		{03D29A92-7693-4B4D-A54C-F0AAEBD871DF}.Debug|Any CPU.ActiveCfg = Debug|Any CPU
		{03D29A92-7693-4B4D-A54C-F0AAEBD871DF}.Debug|Any CPU.Build.0 = Debug|Any CPU
		{03D29A92-7693-4B4D-A54C-F0AAEBD871DF}.Release|Any CPU.ActiveCfg = Release|Any CPU
		{03D29A92-7693-4B4D-A54C-F0AAEBD871DF}.Release|Any CPU.Build.0 = Release|Any CPU
		{7BCEFDE2-0DE5-4F39-B819-ECF87F0035D0}.Debug|Any CPU.ActiveCfg = Debug|Any CPU
		{7BCEFDE2-0DE5-4F39-B819-ECF87F0035D0}.Debug|Any CPU.Build.0 = Debug|Any CPU
		{7BCEFDE2-0DE5-4F39-B819-ECF87F0035D0}.Release|Any CPU.ActiveCfg = Release|Any CPU
		{7BCEFDE2-0DE5-4F39-B819-ECF87F0035D0}.Release|Any CPU.Build.0 = Release|Any CPU
		{93E4403F-1736-4100-9E2E-F717638E09CA}.Debug|Any CPU.ActiveCfg = Debug|Any CPU
		{93E4403F-1736-4100-9E2E-F717638E09CA}.Debug|Any CPU.Build.0 = Debug|Any CPU
		{93E4403F-1736-4100-9E2E-F717638E09CA}.Release|Any CPU.ActiveCfg = Release|Any CPU
		{93E4403F-1736-4100-9E2E-F717638E09CA}.Release|Any CPU.Build.0 = Release|Any CPU
		{D3A41646-F523-4717-88A8-81D9046B351B}.Debug|Any CPU.ActiveCfg = Debug|Any CPU
		{D3A41646-F523-4717-88A8-81D9046B351B}.Debug|Any CPU.Build.0 = Debug|Any CPU
		{D3A41646-F523-4717-88A8-81D9046B351B}.Release|Any CPU.ActiveCfg = Release|Any CPU
		{D3A41646-F523-4717-88A8-81D9046B351B}.Release|Any CPU.Build.0 = Release|Any CPU
		{B3D8E582-5518-493C-BF22-C2BC24FA134A}.Debug|Any CPU.ActiveCfg = Debug|Any CPU
		{B3D8E582-5518-493C-BF22-C2BC24FA134A}.Debug|Any CPU.Build.0 = Debug|Any CPU
		{B3D8E582-5518-493C-BF22-C2BC24FA134A}.Release|Any CPU.ActiveCfg = Release|Any CPU
		{B3D8E582-5518-493C-BF22-C2BC24FA134A}.Release|Any CPU.Build.0 = Release|Any CPU
		{AE1617BD-4329-4D42-9B3D-D7F80369F48F}.Debug|Any CPU.ActiveCfg = Debug|Any CPU
		{AE1617BD-4329-4D42-9B3D-D7F80369F48F}.Debug|Any CPU.Build.0 = Debug|Any CPU
		{AE1617BD-4329-4D42-9B3D-D7F80369F48F}.Release|Any CPU.ActiveCfg = Release|Any CPU
		{AE1617BD-4329-4D42-9B3D-D7F80369F48F}.Release|Any CPU.Build.0 = Release|Any CPU
		{7721D674-EA3C-4A4A-A908-176E73D3ABE3}.Debug|Any CPU.ActiveCfg = Debug|Any CPU
		{7721D674-EA3C-4A4A-A908-176E73D3ABE3}.Debug|Any CPU.Build.0 = Debug|Any CPU
		{7721D674-EA3C-4A4A-A908-176E73D3ABE3}.Release|Any CPU.ActiveCfg = Release|Any CPU
		{7721D674-EA3C-4A4A-A908-176E73D3ABE3}.Release|Any CPU.Build.0 = Release|Any CPU
	EndGlobalSection
	GlobalSection(SolutionProperties) = preSolution
		HideSolutionNode = FALSE
	EndGlobalSection
	GlobalSection(ExtensibilityGlobals) = postSolution
		SolutionGuid = {9E1B0AB3-6CB0-4984-A577-06533234B64D}
	EndGlobalSection
EndGlobal
